
Microsoft Visual Studio Solution File, Format Version 12.00
# Visual Studio Express 2013 for Windows Desktop
VisualStudioVersion = 12.0.21005.1
MinimumVisualStudioVersion = 10.0.40219.1
Project("{FAE04EC0-301F-11D3-BF4B-00C04F79EFBC}") = "SQLRestoreScripterGUI", "SQLRestoreScripterGUI\SQLRestoreScripterGUI.csproj", "{F1729EB3-7968-4373-BBE6-607E2C23019F}"
EndProject
Global
	GlobalSection(SolutionConfigurationPlatforms) = preSolution
		Debug|Any CPU = Debug|Any CPU
		Release|Any CPU = Release|Any CPU
	EndGlobalSection
	GlobalSection(ProjectConfigurationPlatforms) = postSolution
		{F1729EB3-7968-4373-BBE6-607E2C23019F}.Debug|Any CPU.ActiveCfg = Debug|Any CPU
		{F1729EB3-7968-4373-BBE6-607E2C23019F}.Debug|Any CPU.Build.0 = Debug|Any CPU
		{F1729EB3-7968-4373-BBE6-607E2C23019F}.Release|Any CPU.ActiveCfg = Release|Any CPU
		{F1729EB3-7968-4373-BBE6-607E2C23019F}.Release|Any CPU.Build.0 = Release|Any CPU
	EndGlobalSection
	GlobalSection(SolutionProperties) = preSolution
		HideSolutionNode = FALSE
	EndGlobalSection
EndGlobal
